
Microsoft Visual Studio Solution File, Format Version 12.00
# Visual Studio Version 17
VisualStudioVersion = 17.0.31903.59
MinimumVisualStudioVersion = 10.0.40219.1
Project("{2150E333-8FDC-42A3-9474-1A3956D46DE8}") = "db-migrators", "db-migrators", "{EAD17819-22AE-4906-87D1-504D02613B4B}"
EndProject
Project("{FAE04EC0-301F-11D3-BF4B-00C04F79EFBC}") = "Blog.DbMigrator", "db-migrators\Blog.DbMigrator\Blog.DbMigrator.csproj", "{2CD37384-78CB-4051-91FC-F7E96DDFBA3C}"
EndProject
Project("{2150E333-8FDC-42A3-9474-1A3956D46DE8}") = "libs", "libs", "{DE7B1075-AC97-4512-8CA1-CFBA576DCDF3}"
EndProject
Project("{FAE04EC0-301F-11D3-BF4B-00C04F79EFBC}") = "Core", "libs\Core\Core.csproj", "{936A449D-48E7-4F5D-8992-13EE225445A7}"
EndProject
Project("{FAE04EC0-301F-11D3-BF4B-00C04F79EFBC}") = "Data", "libs\Data\Data.csproj", "{E6E5BF2F-B8F0-40F6-8DB0-A36A60A7BF83}"
EndProject
Project("{FAE04EC0-301F-11D3-BF4B-00C04F79EFBC}") = "Data.PostgreSQL", "libs\Data.PostgreSQL\Data.PostgreSQL.csproj", "{B64703A4-4008-41D5-8077-128B888307A3}"
EndProject
Project("{FAE04EC0-301F-11D3-BF4B-00C04F79EFBC}") = "Generator", "libs\Generator\Generator.csproj", "{2FA09FD2-45D4-4A43-A571-22EF9A23E28F}"
EndProject
Project("{FAE04EC0-301F-11D3-BF4B-00C04F79EFBC}") = "Grpc", "libs\Grpc\Grpc.csproj", "{15D0B4CD-B09A-4E55-919A-394D79632768}"
EndProject
Project("{FAE04EC0-301F-11D3-BF4B-00C04F79EFBC}") = "Infrastructure", "libs\Infrastructure\Infrastructure.csproj", "{93C67153-E74C-42BF-B373-A2CEA9093F31}"
EndProject
Project("{2150E333-8FDC-42A3-9474-1A3956D46DE8}") = "services", "services", "{29F9C696-1B9D-4CCD-905F-8CC49F5F51D4}"
EndProject
Project("{2150E333-8FDC-42A3-9474-1A3956D46DE8}") = "blog", "blog", "{DB6BAA8D-29C9-4116-A361-0878D82C902D}"
EndProject
Project("{FAE04EC0-301F-11D3-BF4B-00C04F79EFBC}") = "Blog.Api", "services\blog\Blog.Api\Blog.Api.csproj", "{30C0A4DE-C678-413E-AC3B-256A1D59CEDA}"
EndProject
Project("{FAE04EC0-301F-11D3-BF4B-00C04F79EFBC}") = "Blog.Data", "services\blog\Blog.Data\Blog.Data.csproj", "{8A75C5A9-3801-4300-B706-F576E83B68F9}"
EndProject
Project("{FAE04EC0-301F-11D3-BF4B-00C04F79EFBC}") = "Blog.Domain", "services\blog\Blog.Domain\Blog.Domain.csproj", "{B459F41D-416B-40E8-9350-DF332A2E030C}"
EndProject
Project("{FAE04EC0-301F-11D3-BF4B-00C04F79EFBC}") = "Blog.Infrastructure", "services\blog\Blog.Infrastructure\Blog.Infrastructure.csproj", "{5908A95A-06F1-43BE-8527-1057909ABCF8}"
EndProject
Global
	GlobalSection(SolutionConfigurationPlatforms) = preSolution
		Debug|Any CPU = Debug|Any CPU
		Release|Any CPU = Release|Any CPU
	EndGlobalSection
	GlobalSection(ProjectConfigurationPlatforms) = postSolution
		{2CD37384-78CB-4051-91FC-F7E96DDFBA3C}.Debug|Any CPU.ActiveCfg = Debug|Any CPU
		{2CD37384-78CB-4051-91FC-F7E96DDFBA3C}.Debug|Any CPU.Build.0 = Debug|Any CPU
		{2CD37384-78CB-4051-91FC-F7E96DDFBA3C}.Release|Any CPU.ActiveCfg = Release|Any CPU
		{2CD37384-78CB-4051-91FC-F7E96DDFBA3C}.Release|Any CPU.Build.0 = Release|Any CPU
		{936A449D-48E7-4F5D-8992-13EE225445A7}.Debug|Any CPU.ActiveCfg = Debug|Any CPU
		{936A449D-48E7-4F5D-8992-13EE225445A7}.Debug|Any CPU.Build.0 = Debug|Any CPU
		{936A449D-48E7-4F5D-8992-13EE225445A7}.Release|Any CPU.ActiveCfg = Release|Any CPU
		{936A449D-48E7-4F5D-8992-13EE225445A7}.Release|Any CPU.Build.0 = Release|Any CPU
		{E6E5BF2F-B8F0-40F6-8DB0-A36A60A7BF83}.Debug|Any CPU.ActiveCfg = Debug|Any CPU
		{E6E5BF2F-B8F0-40F6-8DB0-A36A60A7BF83}.Debug|Any CPU.Build.0 = Debug|Any CPU
		{E6E5BF2F-B8F0-40F6-8DB0-A36A60A7BF83}.Release|Any CPU.ActiveCfg = Release|Any CPU
		{E6E5BF2F-B8F0-40F6-8DB0-A36A60A7BF83}.Release|Any CPU.Build.0 = Release|Any CPU
		{B64703A4-4008-41D5-8077-128B888307A3}.Debug|Any CPU.ActiveCfg = Debug|Any CPU
		{B64703A4-4008-41D5-8077-128B888307A3}.Debug|Any CPU.Build.0 = Debug|Any CPU
		{B64703A4-4008-41D5-8077-128B888307A3}.Release|Any CPU.ActiveCfg = Release|Any CPU
		{B64703A4-4008-41D5-8077-128B888307A3}.Release|Any CPU.Build.0 = Release|Any CPU
		{2FA09FD2-45D4-4A43-A571-22EF9A23E28F}.Debug|Any CPU.ActiveCfg = Debug|Any CPU
		{2FA09FD2-45D4-4A43-A571-22EF9A23E28F}.Debug|Any CPU.Build.0 = Debug|Any CPU
		{2FA09FD2-45D4-4A43-A571-22EF9A23E28F}.Release|Any CPU.ActiveCfg = Release|Any CPU
		{2FA09FD2-45D4-4A43-A571-22EF9A23E28F}.Release|Any CPU.Build.0 = Release|Any CPU
		{15D0B4CD-B09A-4E55-919A-394D79632768}.Debug|Any CPU.ActiveCfg = Debug|Any CPU
		{15D0B4CD-B09A-4E55-919A-394D79632768}.Debug|Any CPU.Build.0 = Debug|Any CPU
		{15D0B4CD-B09A-4E55-919A-394D79632768}.Release|Any CPU.ActiveCfg = Release|Any CPU
		{15D0B4CD-B09A-4E55-919A-394D79632768}.Release|Any CPU.Build.0 = Release|Any CPU
		{93C67153-E74C-42BF-B373-A2CEA9093F31}.Debug|Any CPU.ActiveCfg = Debug|Any CPU
		{93C67153-E74C-42BF-B373-A2CEA9093F31}.Debug|Any CPU.Build.0 = Debug|Any CPU
		{93C67153-E74C-42BF-B373-A2CEA9093F31}.Release|Any CPU.ActiveCfg = Release|Any CPU
		{93C67153-E74C-42BF-B373-A2CEA9093F31}.Release|Any CPU.Build.0 = Release|Any CPU
		{30C0A4DE-C678-413E-AC3B-256A1D59CEDA}.Debug|Any CPU.ActiveCfg = Debug|Any CPU
		{30C0A4DE-C678-413E-AC3B-256A1D59CEDA}.Debug|Any CPU.Build.0 = Debug|Any CPU
		{30C0A4DE-C678-413E-AC3B-256A1D59CEDA}.Release|Any CPU.ActiveCfg = Release|Any CPU
		{30C0A4DE-C678-413E-AC3B-256A1D59CEDA}.Release|Any CPU.Build.0 = Release|Any CPU
		{8A75C5A9-3801-4300-B706-F576E83B68F9}.Debug|Any CPU.ActiveCfg = Debug|Any CPU
		{8A75C5A9-3801-4300-B706-F576E83B68F9}.Debug|Any CPU.Build.0 = Debug|Any CPU
		{8A75C5A9-3801-4300-B706-F576E83B68F9}.Release|Any CPU.ActiveCfg = Release|Any CPU
		{8A75C5A9-3801-4300-B706-F576E83B68F9}.Release|Any CPU.Build.0 = Release|Any CPU
		{B459F41D-416B-40E8-9350-DF332A2E030C}.Debug|Any CPU.ActiveCfg = Debug|Any CPU
		{B459F41D-416B-40E8-9350-DF332A2E030C}.Debug|Any CPU.Build.0 = Debug|Any CPU
		{B459F41D-416B-40E8-9350-DF332A2E030C}.Release|Any CPU.ActiveCfg = Release|Any CPU
		{B459F41D-416B-40E8-9350-DF332A2E030C}.Release|Any CPU.Build.0 = Release|Any CPU
		{5908A95A-06F1-43BE-8527-1057909ABCF8}.Debug|Any CPU.ActiveCfg = Debug|Any CPU
		{5908A95A-06F1-43BE-8527-1057909ABCF8}.Debug|Any CPU.Build.0 = Debug|Any CPU
		{5908A95A-06F1-43BE-8527-1057909ABCF8}.Release|Any CPU.ActiveCfg = Release|Any CPU
		{5908A95A-06F1-43BE-8527-1057909ABCF8}.Release|Any CPU.Build.0 = Release|Any CPU
	EndGlobalSection
	GlobalSection(SolutionProperties) = preSolution
		HideSolutionNode = FALSE
	EndGlobalSection
	GlobalSection(NestedProjects) = preSolution
		{2CD37384-78CB-4051-91FC-F7E96DDFBA3C} = {EAD17819-22AE-4906-87D1-504D02613B4B}
		{936A449D-48E7-4F5D-8992-13EE225445A7} = {DE7B1075-AC97-4512-8CA1-CFBA576DCDF3}
		{E6E5BF2F-B8F0-40F6-8DB0-A36A60A7BF83} = {DE7B1075-AC97-4512-8CA1-CFBA576DCDF3}
		{B64703A4-4008-41D5-8077-128B888307A3} = {DE7B1075-AC97-4512-8CA1-CFBA576DCDF3}
		{2FA09FD2-45D4-4A43-A571-22EF9A23E28F} = {DE7B1075-AC97-4512-8CA1-CFBA576DCDF3}
		{15D0B4CD-B09A-4E55-919A-394D79632768} = {DE7B1075-AC97-4512-8CA1-CFBA576DCDF3}
		{93C67153-E74C-42BF-B373-A2CEA9093F31} = {DE7B1075-AC97-4512-8CA1-CFBA576DCDF3}
		{DB6BAA8D-29C9-4116-A361-0878D82C902D} = {29F9C696-1B9D-4CCD-905F-8CC49F5F51D4}
		{30C0A4DE-C678-413E-AC3B-256A1D59CEDA} = {DB6BAA8D-29C9-4116-A361-0878D82C902D}
		{8A75C5A9-3801-4300-B706-F576E83B68F9} = {DB6BAA8D-29C9-4116-A361-0878D82C902D}
		{B459F41D-416B-40E8-9350-DF332A2E030C} = {DB6BAA8D-29C9-4116-A361-0878D82C902D}
		{5908A95A-06F1-43BE-8527-1057909ABCF8} = {DB6BAA8D-29C9-4116-A361-0878D82C902D}
	EndGlobalSection
EndGlobal
