
Microsoft Visual Studio Solution File, Format Version 12.00
# Visual Studio Version 17
VisualStudioVersion = 17.0.31903.59
MinimumVisualStudioVersion = 10.0.40219.1
Project("{2150E333-8FDC-42A3-9474-1A3956D46DE8}") = "db-migrators", "db-migrators", "{CBC8B809-CD66-466A-8316-6E25C127BE85}"
EndProject
Project("{FAE04EC0-301F-11D3-BF4B-00C04F79EFBC}") = "Blog.DbMigrator", "db-migrators\Blog.DbMigrator\Blog.DbMigrator.csproj", "{D18D4108-F537-4D04-B8EB-764A3F7207F7}"
EndProject
Project("{2150E333-8FDC-42A3-9474-1A3956D46DE8}") = "libs", "libs", "{91A66670-09B0-481E-B8E2-58783D4059A0}"
EndProject
Project("{FAE04EC0-301F-11D3-BF4B-00C04F79EFBC}") = "Core", "libs\Core\Core.csproj", "{0B555659-6E14-454C-9457-57B45D9E65B2}"
EndProject
Project("{FAE04EC0-301F-11D3-BF4B-00C04F79EFBC}") = "Data", "libs\Data\Data.csproj", "{C05B199B-BD16-4A03-97D3-7C5669A83A21}"
EndProject
Project("{FAE04EC0-301F-11D3-BF4B-00C04F79EFBC}") = "Data.PostgreSQL", "libs\Data.PostgreSQL\Data.PostgreSQL.csproj", "{E8750452-88BF-43C9-B960-AE2787AAF157}"
EndProject
Project("{FAE04EC0-301F-11D3-BF4B-00C04F79EFBC}") = "Generator", "libs\Generator\Generator.csproj", "{2EED23ED-700C-46FB-AB0A-BAB816D3015D}"
EndProject
Project("{FAE04EC0-301F-11D3-BF4B-00C04F79EFBC}") = "Grpc", "libs\Grpc\Grpc.csproj", "{C279C465-677D-4E89-B877-3857E972A14C}"
EndProject
Project("{FAE04EC0-301F-11D3-BF4B-00C04F79EFBC}") = "Infrastructure", "libs\Infrastructure\Infrastructure.csproj", "{B2F02AD1-6422-4A30-B881-C18CB7C9721B}"
EndProject
Project("{2150E333-8FDC-42A3-9474-1A3956D46DE8}") = "services", "services", "{409F7A98-8A4B-4A0E-83BB-B33913A24403}"
EndProject
Project("{2150E333-8FDC-42A3-9474-1A3956D46DE8}") = "blog", "blog", "{6A6C8AB7-B2C9-46E7-A4D9-58C412B480D3}"
EndProject
Project("{FAE04EC0-301F-11D3-BF4B-00C04F79EFBC}") = "Blog.Api", "services\blog\Blog.Api\Blog.Api.csproj", "{0B6C0D13-EA8F-4E11-8DFB-7B3E1374965E}"
EndProject
Project("{FAE04EC0-301F-11D3-BF4B-00C04F79EFBC}") = "Blog.Data", "services\blog\Blog.Data\Blog.Data.csproj", "{2FCCBC9C-59DF-4B22-84D3-F7C0D9B07B3C}"
EndProject
Project("{FAE04EC0-301F-11D3-BF4B-00C04F79EFBC}") = "Blog.Domain", "services\blog\Blog.Domain\Blog.Domain.csproj", "{3B359A56-E09A-4E72-B068-7EE3C990394B}"
EndProject
Project("{FAE04EC0-301F-11D3-BF4B-00C04F79EFBC}") = "Blog.Infrastructure", "services\blog\Blog.Infrastructure\Blog.Infrastructure.csproj", "{4E4F3BA6-D9CA-4DFC-8BAF-418D912C2536}"
EndProject
Project("{2150E333-8FDC-42A3-9474-1A3956D46DE8}") = "shared", "shared", "{FD581BF6-F9D0-4445-A96A-CE84CBBD4C0C}"
EndProject
Project("{FAE04EC0-301F-11D3-BF4B-00C04F79EFBC}") = "Shared.Grpc", "shared\Shared.Grpc\Shared.Grpc.csproj", "{291A6A52-FAC2-4F36-A840-72A52C279246}"
EndProject
Global
	GlobalSection(SolutionConfigurationPlatforms) = preSolution
		Debug|Any CPU = Debug|Any CPU
		Release|Any CPU = Release|Any CPU
	EndGlobalSection
	GlobalSection(SolutionProperties) = preSolution
		HideSolutionNode = FALSE
	EndGlobalSection
	GlobalSection(ProjectConfigurationPlatforms) = postSolution
		{D18D4108-F537-4D04-B8EB-764A3F7207F7}.Debug|Any CPU.ActiveCfg = Debug|Any CPU
		{D18D4108-F537-4D04-B8EB-764A3F7207F7}.Debug|Any CPU.Build.0 = Debug|Any CPU
		{D18D4108-F537-4D04-B8EB-764A3F7207F7}.Release|Any CPU.ActiveCfg = Release|Any CPU
		{D18D4108-F537-4D04-B8EB-764A3F7207F7}.Release|Any CPU.Build.0 = Release|Any CPU
		{0B555659-6E14-454C-9457-57B45D9E65B2}.Debug|Any CPU.ActiveCfg = Debug|Any CPU
		{0B555659-6E14-454C-9457-57B45D9E65B2}.Debug|Any CPU.Build.0 = Debug|Any CPU
		{0B555659-6E14-454C-9457-57B45D9E65B2}.Release|Any CPU.ActiveCfg = Release|Any CPU
		{0B555659-6E14-454C-9457-57B45D9E65B2}.Release|Any CPU.Build.0 = Release|Any CPU
		{C05B199B-BD16-4A03-97D3-7C5669A83A21}.Debug|Any CPU.ActiveCfg = Debug|Any CPU
		{C05B199B-BD16-4A03-97D3-7C5669A83A21}.Debug|Any CPU.Build.0 = Debug|Any CPU
		{C05B199B-BD16-4A03-97D3-7C5669A83A21}.Release|Any CPU.ActiveCfg = Release|Any CPU
		{C05B199B-BD16-4A03-97D3-7C5669A83A21}.Release|Any CPU.Build.0 = Release|Any CPU
		{E8750452-88BF-43C9-B960-AE2787AAF157}.Debug|Any CPU.ActiveCfg = Debug|Any CPU
		{E8750452-88BF-43C9-B960-AE2787AAF157}.Debug|Any CPU.Build.0 = Debug|Any CPU
		{E8750452-88BF-43C9-B960-AE2787AAF157}.Release|Any CPU.ActiveCfg = Release|Any CPU
		{E8750452-88BF-43C9-B960-AE2787AAF157}.Release|Any CPU.Build.0 = Release|Any CPU
		{2EED23ED-700C-46FB-AB0A-BAB816D3015D}.Debug|Any CPU.ActiveCfg = Debug|Any CPU
		{2EED23ED-700C-46FB-AB0A-BAB816D3015D}.Debug|Any CPU.Build.0 = Debug|Any CPU
		{2EED23ED-700C-46FB-AB0A-BAB816D3015D}.Release|Any CPU.ActiveCfg = Release|Any CPU
		{2EED23ED-700C-46FB-AB0A-BAB816D3015D}.Release|Any CPU.Build.0 = Release|Any CPU
		{C279C465-677D-4E89-B877-3857E972A14C}.Debug|Any CPU.ActiveCfg = Debug|Any CPU
		{C279C465-677D-4E89-B877-3857E972A14C}.Debug|Any CPU.Build.0 = Debug|Any CPU
		{C279C465-677D-4E89-B877-3857E972A14C}.Release|Any CPU.ActiveCfg = Release|Any CPU
		{C279C465-677D-4E89-B877-3857E972A14C}.Release|Any CPU.Build.0 = Release|Any CPU
		{B2F02AD1-6422-4A30-B881-C18CB7C9721B}.Debug|Any CPU.ActiveCfg = Debug|Any CPU
		{B2F02AD1-6422-4A30-B881-C18CB7C9721B}.Debug|Any CPU.Build.0 = Debug|Any CPU
		{B2F02AD1-6422-4A30-B881-C18CB7C9721B}.Release|Any CPU.ActiveCfg = Release|Any CPU
		{B2F02AD1-6422-4A30-B881-C18CB7C9721B}.Release|Any CPU.Build.0 = Release|Any CPU
		{0B6C0D13-EA8F-4E11-8DFB-7B3E1374965E}.Debug|Any CPU.ActiveCfg = Debug|Any CPU
		{0B6C0D13-EA8F-4E11-8DFB-7B3E1374965E}.Debug|Any CPU.Build.0 = Debug|Any CPU
		{0B6C0D13-EA8F-4E11-8DFB-7B3E1374965E}.Release|Any CPU.ActiveCfg = Release|Any CPU
		{0B6C0D13-EA8F-4E11-8DFB-7B3E1374965E}.Release|Any CPU.Build.0 = Release|Any CPU
		{2FCCBC9C-59DF-4B22-84D3-F7C0D9B07B3C}.Debug|Any CPU.ActiveCfg = Debug|Any CPU
		{2FCCBC9C-59DF-4B22-84D3-F7C0D9B07B3C}.Debug|Any CPU.Build.0 = Debug|Any CPU
		{2FCCBC9C-59DF-4B22-84D3-F7C0D9B07B3C}.Release|Any CPU.ActiveCfg = Release|Any CPU
		{2FCCBC9C-59DF-4B22-84D3-F7C0D9B07B3C}.Release|Any CPU.Build.0 = Release|Any CPU
		{3B359A56-E09A-4E72-B068-7EE3C990394B}.Debug|Any CPU.ActiveCfg = Debug|Any CPU
		{3B359A56-E09A-4E72-B068-7EE3C990394B}.Debug|Any CPU.Build.0 = Debug|Any CPU
		{3B359A56-E09A-4E72-B068-7EE3C990394B}.Release|Any CPU.ActiveCfg = Release|Any CPU
		{3B359A56-E09A-4E72-B068-7EE3C990394B}.Release|Any CPU.Build.0 = Release|Any CPU
		{4E4F3BA6-D9CA-4DFC-8BAF-418D912C2536}.Debug|Any CPU.ActiveCfg = Debug|Any CPU
		{4E4F3BA6-D9CA-4DFC-8BAF-418D912C2536}.Debug|Any CPU.Build.0 = Debug|Any CPU
		{4E4F3BA6-D9CA-4DFC-8BAF-418D912C2536}.Release|Any CPU.ActiveCfg = Release|Any CPU
		{4E4F3BA6-D9CA-4DFC-8BAF-418D912C2536}.Release|Any CPU.Build.0 = Release|Any CPU
		{291A6A52-FAC2-4F36-A840-72A52C279246}.Debug|Any CPU.ActiveCfg = Debug|Any CPU
		{291A6A52-FAC2-4F36-A840-72A52C279246}.Debug|Any CPU.Build.0 = Debug|Any CPU
		{291A6A52-FAC2-4F36-A840-72A52C279246}.Release|Any CPU.ActiveCfg = Release|Any CPU
		{291A6A52-FAC2-4F36-A840-72A52C279246}.Release|Any CPU.Build.0 = Release|Any CPU
	EndGlobalSection
	GlobalSection(NestedProjects) = preSolution
		{D18D4108-F537-4D04-B8EB-764A3F7207F7} = {CBC8B809-CD66-466A-8316-6E25C127BE85}
		{0B555659-6E14-454C-9457-57B45D9E65B2} = {91A66670-09B0-481E-B8E2-58783D4059A0}
		{C05B199B-BD16-4A03-97D3-7C5669A83A21} = {91A66670-09B0-481E-B8E2-58783D4059A0}
		{E8750452-88BF-43C9-B960-AE2787AAF157} = {91A66670-09B0-481E-B8E2-58783D4059A0}
		{2EED23ED-700C-46FB-AB0A-BAB816D3015D} = {91A66670-09B0-481E-B8E2-58783D4059A0}
		{C279C465-677D-4E89-B877-3857E972A14C} = {91A66670-09B0-481E-B8E2-58783D4059A0}
		{B2F02AD1-6422-4A30-B881-C18CB7C9721B} = {91A66670-09B0-481E-B8E2-58783D4059A0}
		{6A6C8AB7-B2C9-46E7-A4D9-58C412B480D3} = {409F7A98-8A4B-4A0E-83BB-B33913A24403}
		{0B6C0D13-EA8F-4E11-8DFB-7B3E1374965E} = {6A6C8AB7-B2C9-46E7-A4D9-58C412B480D3}
		{2FCCBC9C-59DF-4B22-84D3-F7C0D9B07B3C} = {6A6C8AB7-B2C9-46E7-A4D9-58C412B480D3}
		{3B359A56-E09A-4E72-B068-7EE3C990394B} = {6A6C8AB7-B2C9-46E7-A4D9-58C412B480D3}
		{4E4F3BA6-D9CA-4DFC-8BAF-418D912C2536} = {6A6C8AB7-B2C9-46E7-A4D9-58C412B480D3}
		{291A6A52-FAC2-4F36-A840-72A52C279246} = {FD581BF6-F9D0-4445-A96A-CE84CBBD4C0C}
	EndGlobalSection
EndGlobal
