
Microsoft Visual Studio Solution File, Format Version 12.00
# Visual Studio Version 17
VisualStudioVersion = 17.0.31903.59
MinimumVisualStudioVersion = 10.0.40219.1
Project("{2150E333-8FDC-42A3-9474-1A3956D46DE8}") = "db-migrators", "db-migrators", "{0E4ABDC5-CB3B-45C2-A2E5-A603F658B0F3}"
EndProject
Project("{FAE04EC0-301F-11D3-BF4B-00C04F79EFBC}") = "Blog.DbMigrator", "db-migrators\Blog.DbMigrator\Blog.DbMigrator.csproj", "{66863C2A-13F9-4125-BEE4-8484EBE0CD55}"
EndProject
Project("{2150E333-8FDC-42A3-9474-1A3956D46DE8}") = "libs", "libs", "{8C6E1AE7-07C4-4EDE-B482-B0CF9801DE37}"
EndProject
Project("{FAE04EC0-301F-11D3-BF4B-00C04F79EFBC}") = "Abstractions", "libs\Abstractions\Abstractions.csproj", "{3B15369F-3F91-47B5-80C4-4DC481616EB0}"
EndProject
Project("{FAE04EC0-301F-11D3-BF4B-00C04F79EFBC}") = "Common", "libs\Common\Common.csproj", "{9FCA5A35-4A41-4F84-9D80-EE363FE110E4}"
EndProject
Project("{FAE04EC0-301F-11D3-BF4B-00C04F79EFBC}") = "Data", "libs\Data\Data.csproj", "{2F56C843-417E-4BD4-B046-46795386EF47}"
EndProject
Project("{FAE04EC0-301F-11D3-BF4B-00C04F79EFBC}") = "Data.PostgreSQL", "libs\Data.PostgreSQL\Data.PostgreSQL.csproj", "{A710A5E5-76C8-4072-9F8C-B7D115D588F7}"
EndProject
Project("{FAE04EC0-301F-11D3-BF4B-00C04F79EFBC}") = "Generator", "libs\Generator\Generator.csproj", "{042D58B1-465A-4B71-8F75-EE8C2E1E0EFE}"
EndProject
Project("{FAE04EC0-301F-11D3-BF4B-00C04F79EFBC}") = "Grpc", "libs\Grpc\Grpc.csproj", "{6ED0517D-2B27-4D1C-8DFC-6AFC67F38859}"
EndProject
Project("{FAE04EC0-301F-11D3-BF4B-00C04F79EFBC}") = "Infrastructure", "libs\Infrastructure\Infrastructure.csproj", "{3FA03B25-9187-4594-A670-F2876462E563}"
EndProject
Project("{2150E333-8FDC-42A3-9474-1A3956D46DE8}") = "services", "services", "{7CBC97F9-1961-4CDA-B5CF-4E06CC6BA64E}"
EndProject
Project("{2150E333-8FDC-42A3-9474-1A3956D46DE8}") = "blog", "blog", "{6D995C48-2049-4325-B68F-5EFEE1095A54}"
EndProject
Project("{FAE04EC0-301F-11D3-BF4B-00C04F79EFBC}") = "Blog.Api", "services\blog\Blog.Api\Blog.Api.csproj", "{4E3F7478-8FCE-4620-967B-FF8304005BB6}"
EndProject
Project("{FAE04EC0-301F-11D3-BF4B-00C04F79EFBC}") = "Blog.Data", "services\blog\Blog.Data\Blog.Data.csproj", "{CE77F4F8-B197-4CC7-B7EB-730D27F0FB1C}"
EndProject
Project("{FAE04EC0-301F-11D3-BF4B-00C04F79EFBC}") = "Blog.Domain", "services\blog\Blog.Domain\Blog.Domain.csproj", "{CD9971CD-9F7E-49FD-A578-991DD5909902}"
EndProject
Project("{FAE04EC0-301F-11D3-BF4B-00C04F79EFBC}") = "Blog.Infrastructure", "services\blog\Blog.Infrastructure\Blog.Infrastructure.csproj", "{4BB95294-B604-44F2-99A2-411DF8A2740F}"
EndProject
Global
	GlobalSection(SolutionConfigurationPlatforms) = preSolution
		Debug|Any CPU = Debug|Any CPU
		Release|Any CPU = Release|Any CPU
	EndGlobalSection
	GlobalSection(SolutionProperties) = preSolution
		HideSolutionNode = FALSE
	EndGlobalSection
	GlobalSection(ProjectConfigurationPlatforms) = postSolution
		{66863C2A-13F9-4125-BEE4-8484EBE0CD55}.Debug|Any CPU.ActiveCfg = Debug|Any CPU
		{66863C2A-13F9-4125-BEE4-8484EBE0CD55}.Debug|Any CPU.Build.0 = Debug|Any CPU
		{66863C2A-13F9-4125-BEE4-8484EBE0CD55}.Release|Any CPU.ActiveCfg = Release|Any CPU
		{66863C2A-13F9-4125-BEE4-8484EBE0CD55}.Release|Any CPU.Build.0 = Release|Any CPU
		{3B15369F-3F91-47B5-80C4-4DC481616EB0}.Debug|Any CPU.ActiveCfg = Debug|Any CPU
		{3B15369F-3F91-47B5-80C4-4DC481616EB0}.Debug|Any CPU.Build.0 = Debug|Any CPU
		{3B15369F-3F91-47B5-80C4-4DC481616EB0}.Release|Any CPU.ActiveCfg = Release|Any CPU
		{3B15369F-3F91-47B5-80C4-4DC481616EB0}.Release|Any CPU.Build.0 = Release|Any CPU
		{9FCA5A35-4A41-4F84-9D80-EE363FE110E4}.Debug|Any CPU.ActiveCfg = Debug|Any CPU
		{9FCA5A35-4A41-4F84-9D80-EE363FE110E4}.Debug|Any CPU.Build.0 = Debug|Any CPU
		{9FCA5A35-4A41-4F84-9D80-EE363FE110E4}.Release|Any CPU.ActiveCfg = Release|Any CPU
		{9FCA5A35-4A41-4F84-9D80-EE363FE110E4}.Release|Any CPU.Build.0 = Release|Any CPU
		{2F56C843-417E-4BD4-B046-46795386EF47}.Debug|Any CPU.ActiveCfg = Debug|Any CPU
		{2F56C843-417E-4BD4-B046-46795386EF47}.Debug|Any CPU.Build.0 = Debug|Any CPU
		{2F56C843-417E-4BD4-B046-46795386EF47}.Release|Any CPU.ActiveCfg = Release|Any CPU
		{2F56C843-417E-4BD4-B046-46795386EF47}.Release|Any CPU.Build.0 = Release|Any CPU
		{A710A5E5-76C8-4072-9F8C-B7D115D588F7}.Debug|Any CPU.ActiveCfg = Debug|Any CPU
		{A710A5E5-76C8-4072-9F8C-B7D115D588F7}.Debug|Any CPU.Build.0 = Debug|Any CPU
		{A710A5E5-76C8-4072-9F8C-B7D115D588F7}.Release|Any CPU.ActiveCfg = Release|Any CPU
		{A710A5E5-76C8-4072-9F8C-B7D115D588F7}.Release|Any CPU.Build.0 = Release|Any CPU
		{042D58B1-465A-4B71-8F75-EE8C2E1E0EFE}.Debug|Any CPU.ActiveCfg = Debug|Any CPU
		{042D58B1-465A-4B71-8F75-EE8C2E1E0EFE}.Debug|Any CPU.Build.0 = Debug|Any CPU
		{042D58B1-465A-4B71-8F75-EE8C2E1E0EFE}.Release|Any CPU.ActiveCfg = Release|Any CPU
		{042D58B1-465A-4B71-8F75-EE8C2E1E0EFE}.Release|Any CPU.Build.0 = Release|Any CPU
		{6ED0517D-2B27-4D1C-8DFC-6AFC67F38859}.Debug|Any CPU.ActiveCfg = Debug|Any CPU
		{6ED0517D-2B27-4D1C-8DFC-6AFC67F38859}.Debug|Any CPU.Build.0 = Debug|Any CPU
		{6ED0517D-2B27-4D1C-8DFC-6AFC67F38859}.Release|Any CPU.ActiveCfg = Release|Any CPU
		{6ED0517D-2B27-4D1C-8DFC-6AFC67F38859}.Release|Any CPU.Build.0 = Release|Any CPU
		{3FA03B25-9187-4594-A670-F2876462E563}.Debug|Any CPU.ActiveCfg = Debug|Any CPU
		{3FA03B25-9187-4594-A670-F2876462E563}.Debug|Any CPU.Build.0 = Debug|Any CPU
		{3FA03B25-9187-4594-A670-F2876462E563}.Release|Any CPU.ActiveCfg = Release|Any CPU
		{3FA03B25-9187-4594-A670-F2876462E563}.Release|Any CPU.Build.0 = Release|Any CPU
		{4E3F7478-8FCE-4620-967B-FF8304005BB6}.Debug|Any CPU.ActiveCfg = Debug|Any CPU
		{4E3F7478-8FCE-4620-967B-FF8304005BB6}.Debug|Any CPU.Build.0 = Debug|Any CPU
		{4E3F7478-8FCE-4620-967B-FF8304005BB6}.Release|Any CPU.ActiveCfg = Release|Any CPU
		{4E3F7478-8FCE-4620-967B-FF8304005BB6}.Release|Any CPU.Build.0 = Release|Any CPU
		{CE77F4F8-B197-4CC7-B7EB-730D27F0FB1C}.Debug|Any CPU.ActiveCfg = Debug|Any CPU
		{CE77F4F8-B197-4CC7-B7EB-730D27F0FB1C}.Debug|Any CPU.Build.0 = Debug|Any CPU
		{CE77F4F8-B197-4CC7-B7EB-730D27F0FB1C}.Release|Any CPU.ActiveCfg = Release|Any CPU
		{CE77F4F8-B197-4CC7-B7EB-730D27F0FB1C}.Release|Any CPU.Build.0 = Release|Any CPU
		{CD9971CD-9F7E-49FD-A578-991DD5909902}.Debug|Any CPU.ActiveCfg = Debug|Any CPU
		{CD9971CD-9F7E-49FD-A578-991DD5909902}.Debug|Any CPU.Build.0 = Debug|Any CPU
		{CD9971CD-9F7E-49FD-A578-991DD5909902}.Release|Any CPU.ActiveCfg = Release|Any CPU
		{CD9971CD-9F7E-49FD-A578-991DD5909902}.Release|Any CPU.Build.0 = Release|Any CPU
		{4BB95294-B604-44F2-99A2-411DF8A2740F}.Debug|Any CPU.ActiveCfg = Debug|Any CPU
		{4BB95294-B604-44F2-99A2-411DF8A2740F}.Debug|Any CPU.Build.0 = Debug|Any CPU
		{4BB95294-B604-44F2-99A2-411DF8A2740F}.Release|Any CPU.ActiveCfg = Release|Any CPU
		{4BB95294-B604-44F2-99A2-411DF8A2740F}.Release|Any CPU.Build.0 = Release|Any CPU
	EndGlobalSection
	GlobalSection(NestedProjects) = preSolution
		{66863C2A-13F9-4125-BEE4-8484EBE0CD55} = {0E4ABDC5-CB3B-45C2-A2E5-A603F658B0F3}
		{3B15369F-3F91-47B5-80C4-4DC481616EB0} = {8C6E1AE7-07C4-4EDE-B482-B0CF9801DE37}
		{9FCA5A35-4A41-4F84-9D80-EE363FE110E4} = {8C6E1AE7-07C4-4EDE-B482-B0CF9801DE37}
		{2F56C843-417E-4BD4-B046-46795386EF47} = {8C6E1AE7-07C4-4EDE-B482-B0CF9801DE37}
		{A710A5E5-76C8-4072-9F8C-B7D115D588F7} = {8C6E1AE7-07C4-4EDE-B482-B0CF9801DE37}
		{042D58B1-465A-4B71-8F75-EE8C2E1E0EFE} = {8C6E1AE7-07C4-4EDE-B482-B0CF9801DE37}
		{6ED0517D-2B27-4D1C-8DFC-6AFC67F38859} = {8C6E1AE7-07C4-4EDE-B482-B0CF9801DE37}
		{3FA03B25-9187-4594-A670-F2876462E563} = {8C6E1AE7-07C4-4EDE-B482-B0CF9801DE37}
		{6D995C48-2049-4325-B68F-5EFEE1095A54} = {7CBC97F9-1961-4CDA-B5CF-4E06CC6BA64E}
		{4E3F7478-8FCE-4620-967B-FF8304005BB6} = {6D995C48-2049-4325-B68F-5EFEE1095A54}
		{CE77F4F8-B197-4CC7-B7EB-730D27F0FB1C} = {6D995C48-2049-4325-B68F-5EFEE1095A54}
		{CD9971CD-9F7E-49FD-A578-991DD5909902} = {6D995C48-2049-4325-B68F-5EFEE1095A54}
		{4BB95294-B604-44F2-99A2-411DF8A2740F} = {6D995C48-2049-4325-B68F-5EFEE1095A54}
	EndGlobalSection
EndGlobal
