
Microsoft Visual Studio Solution File, Format Version 12.00
# Visual Studio Version 17
VisualStudioVersion = 17.0.31903.59
MinimumVisualStudioVersion = 10.0.40219.1
Project("{2150E333-8FDC-42A3-9474-1A3956D46DE8}") = "api", "api", "{46A5331D-2A3F-41E1-AFB9-32BDAA26AAA0}"
EndProject
Project("{2150E333-8FDC-42A3-9474-1A3956D46DE8}") = "db-migrators", "db-migrators", "{58649443-67F2-4D8D-A10F-D5ADE693D256}"
EndProject
Project("{FAE04EC0-301F-11D3-BF4B-00C04F79EFBC}") = "Blog.DbMigrator", "api\db-migrators\Blog.DbMigrator\Blog.DbMigrator.csproj", "{2AA2D055-3D2F-4265-B5B0-9BFB6DC87B39}"
EndProject
Project("{2150E333-8FDC-42A3-9474-1A3956D46DE8}") = "libs", "libs", "{1FBF8A17-E763-44E0-BD0F-AC7836F7CE04}"
EndProject
Project("{FAE04EC0-301F-11D3-BF4B-00C04F79EFBC}") = "Abstractions", "api\libs\Abstractions\Abstractions.csproj", "{BBB730A5-E006-4630-93B8-04F528440F8D}"
EndProject
Project("{FAE04EC0-301F-11D3-BF4B-00C04F79EFBC}") = "Common", "api\libs\Common\Common.csproj", "{2AC42687-BF38-462A-A456-3FE4FE7C287C}"
EndProject
Project("{FAE04EC0-301F-11D3-BF4B-00C04F79EFBC}") = "Data", "api\libs\Data\Data.csproj", "{343DE5BE-8373-4778-8111-99E76782DDBA}"
EndProject
Project("{FAE04EC0-301F-11D3-BF4B-00C04F79EFBC}") = "Data.PostgreSQL", "api\libs\Data.PostgreSQL\Data.PostgreSQL.csproj", "{D59781FB-12EF-48F6-9E14-75DDF53C076F}"
EndProject
Project("{FAE04EC0-301F-11D3-BF4B-00C04F79EFBC}") = "Generator", "api\libs\Generator\Generator.csproj", "{578C188F-ACBE-41B1-8BCF-3FE3167BFCC5}"
EndProject
Project("{FAE04EC0-301F-11D3-BF4B-00C04F79EFBC}") = "Grpc", "api\libs\Grpc\Grpc.csproj", "{09041DCE-6382-4BCD-BC65-3B2E63FD695F}"
EndProject
Project("{FAE04EC0-301F-11D3-BF4B-00C04F79EFBC}") = "Infrastructure", "api\libs\Infrastructure\Infrastructure.csproj", "{7440E7B6-9312-4EE7-A313-1F908B61A38A}"
EndProject
Project("{2150E333-8FDC-42A3-9474-1A3956D46DE8}") = "services", "services", "{52D982BF-4976-40F6-AF3A-B037C5A1CFBA}"
EndProject
Project("{2150E333-8FDC-42A3-9474-1A3956D46DE8}") = "blog", "blog", "{125178B0-3AFC-436F-8DC7-30CC79E6B40B}"
EndProject
Project("{FAE04EC0-301F-11D3-BF4B-00C04F79EFBC}") = "Blog.Api", "api\services\blog\Blog.Api\Blog.Api.csproj", "{CEEF5AB2-5861-4C6E-A730-6A0FCCE33BB4}"
EndProject
Project("{FAE04EC0-301F-11D3-BF4B-00C04F79EFBC}") = "Blog.Data", "api\services\blog\Blog.Data\Blog.Data.csproj", "{05F2F0C4-1D15-47A7-A312-1A560FC42B04}"
EndProject
Project("{FAE04EC0-301F-11D3-BF4B-00C04F79EFBC}") = "Blog.Domain", "api\services\blog\Blog.Domain\Blog.Domain.csproj", "{E7358C97-5342-49F9-91FB-6101829483B7}"
EndProject
Project("{FAE04EC0-301F-11D3-BF4B-00C04F79EFBC}") = "Blog.Infrastructure", "api\services\blog\Blog.Infrastructure\Blog.Infrastructure.csproj", "{9BAF99C7-D04A-4CD9-920B-B64E2325FEF4}"
EndProject
Global
	GlobalSection(SolutionConfigurationPlatforms) = preSolution
		Debug|Any CPU = Debug|Any CPU
		Release|Any CPU = Release|Any CPU
	EndGlobalSection
	GlobalSection(SolutionProperties) = preSolution
		HideSolutionNode = FALSE
	EndGlobalSection
	GlobalSection(ProjectConfigurationPlatforms) = postSolution
		{2AA2D055-3D2F-4265-B5B0-9BFB6DC87B39}.Debug|Any CPU.ActiveCfg = Debug|Any CPU
		{2AA2D055-3D2F-4265-B5B0-9BFB6DC87B39}.Debug|Any CPU.Build.0 = Debug|Any CPU
		{2AA2D055-3D2F-4265-B5B0-9BFB6DC87B39}.Release|Any CPU.ActiveCfg = Release|Any CPU
		{2AA2D055-3D2F-4265-B5B0-9BFB6DC87B39}.Release|Any CPU.Build.0 = Release|Any CPU
		{BBB730A5-E006-4630-93B8-04F528440F8D}.Debug|Any CPU.ActiveCfg = Debug|Any CPU
		{BBB730A5-E006-4630-93B8-04F528440F8D}.Debug|Any CPU.Build.0 = Debug|Any CPU
		{BBB730A5-E006-4630-93B8-04F528440F8D}.Release|Any CPU.ActiveCfg = Release|Any CPU
		{BBB730A5-E006-4630-93B8-04F528440F8D}.Release|Any CPU.Build.0 = Release|Any CPU
		{2AC42687-BF38-462A-A456-3FE4FE7C287C}.Debug|Any CPU.ActiveCfg = Debug|Any CPU
		{2AC42687-BF38-462A-A456-3FE4FE7C287C}.Debug|Any CPU.Build.0 = Debug|Any CPU
		{2AC42687-BF38-462A-A456-3FE4FE7C287C}.Release|Any CPU.ActiveCfg = Release|Any CPU
		{2AC42687-BF38-462A-A456-3FE4FE7C287C}.Release|Any CPU.Build.0 = Release|Any CPU
		{343DE5BE-8373-4778-8111-99E76782DDBA}.Debug|Any CPU.ActiveCfg = Debug|Any CPU
		{343DE5BE-8373-4778-8111-99E76782DDBA}.Debug|Any CPU.Build.0 = Debug|Any CPU
		{343DE5BE-8373-4778-8111-99E76782DDBA}.Release|Any CPU.ActiveCfg = Release|Any CPU
		{343DE5BE-8373-4778-8111-99E76782DDBA}.Release|Any CPU.Build.0 = Release|Any CPU
		{D59781FB-12EF-48F6-9E14-75DDF53C076F}.Debug|Any CPU.ActiveCfg = Debug|Any CPU
		{D59781FB-12EF-48F6-9E14-75DDF53C076F}.Debug|Any CPU.Build.0 = Debug|Any CPU
		{D59781FB-12EF-48F6-9E14-75DDF53C076F}.Release|Any CPU.ActiveCfg = Release|Any CPU
		{D59781FB-12EF-48F6-9E14-75DDF53C076F}.Release|Any CPU.Build.0 = Release|Any CPU
		{578C188F-ACBE-41B1-8BCF-3FE3167BFCC5}.Debug|Any CPU.ActiveCfg = Debug|Any CPU
		{578C188F-ACBE-41B1-8BCF-3FE3167BFCC5}.Debug|Any CPU.Build.0 = Debug|Any CPU
		{578C188F-ACBE-41B1-8BCF-3FE3167BFCC5}.Release|Any CPU.ActiveCfg = Release|Any CPU
		{578C188F-ACBE-41B1-8BCF-3FE3167BFCC5}.Release|Any CPU.Build.0 = Release|Any CPU
		{09041DCE-6382-4BCD-BC65-3B2E63FD695F}.Debug|Any CPU.ActiveCfg = Debug|Any CPU
		{09041DCE-6382-4BCD-BC65-3B2E63FD695F}.Debug|Any CPU.Build.0 = Debug|Any CPU
		{09041DCE-6382-4BCD-BC65-3B2E63FD695F}.Release|Any CPU.ActiveCfg = Release|Any CPU
		{09041DCE-6382-4BCD-BC65-3B2E63FD695F}.Release|Any CPU.Build.0 = Release|Any CPU
		{7440E7B6-9312-4EE7-A313-1F908B61A38A}.Debug|Any CPU.ActiveCfg = Debug|Any CPU
		{7440E7B6-9312-4EE7-A313-1F908B61A38A}.Debug|Any CPU.Build.0 = Debug|Any CPU
		{7440E7B6-9312-4EE7-A313-1F908B61A38A}.Release|Any CPU.ActiveCfg = Release|Any CPU
		{7440E7B6-9312-4EE7-A313-1F908B61A38A}.Release|Any CPU.Build.0 = Release|Any CPU
		{CEEF5AB2-5861-4C6E-A730-6A0FCCE33BB4}.Debug|Any CPU.ActiveCfg = Debug|Any CPU
		{CEEF5AB2-5861-4C6E-A730-6A0FCCE33BB4}.Debug|Any CPU.Build.0 = Debug|Any CPU
		{CEEF5AB2-5861-4C6E-A730-6A0FCCE33BB4}.Release|Any CPU.ActiveCfg = Release|Any CPU
		{CEEF5AB2-5861-4C6E-A730-6A0FCCE33BB4}.Release|Any CPU.Build.0 = Release|Any CPU
		{05F2F0C4-1D15-47A7-A312-1A560FC42B04}.Debug|Any CPU.ActiveCfg = Debug|Any CPU
		{05F2F0C4-1D15-47A7-A312-1A560FC42B04}.Debug|Any CPU.Build.0 = Debug|Any CPU
		{05F2F0C4-1D15-47A7-A312-1A560FC42B04}.Release|Any CPU.ActiveCfg = Release|Any CPU
		{05F2F0C4-1D15-47A7-A312-1A560FC42B04}.Release|Any CPU.Build.0 = Release|Any CPU
		{E7358C97-5342-49F9-91FB-6101829483B7}.Debug|Any CPU.ActiveCfg = Debug|Any CPU
		{E7358C97-5342-49F9-91FB-6101829483B7}.Debug|Any CPU.Build.0 = Debug|Any CPU
		{E7358C97-5342-49F9-91FB-6101829483B7}.Release|Any CPU.ActiveCfg = Release|Any CPU
		{E7358C97-5342-49F9-91FB-6101829483B7}.Release|Any CPU.Build.0 = Release|Any CPU
		{9BAF99C7-D04A-4CD9-920B-B64E2325FEF4}.Debug|Any CPU.ActiveCfg = Debug|Any CPU
		{9BAF99C7-D04A-4CD9-920B-B64E2325FEF4}.Debug|Any CPU.Build.0 = Debug|Any CPU
		{9BAF99C7-D04A-4CD9-920B-B64E2325FEF4}.Release|Any CPU.ActiveCfg = Release|Any CPU
		{9BAF99C7-D04A-4CD9-920B-B64E2325FEF4}.Release|Any CPU.Build.0 = Release|Any CPU
	EndGlobalSection
	GlobalSection(NestedProjects) = preSolution
		{58649443-67F2-4D8D-A10F-D5ADE693D256} = {46A5331D-2A3F-41E1-AFB9-32BDAA26AAA0}
		{2AA2D055-3D2F-4265-B5B0-9BFB6DC87B39} = {58649443-67F2-4D8D-A10F-D5ADE693D256}
		{1FBF8A17-E763-44E0-BD0F-AC7836F7CE04} = {46A5331D-2A3F-41E1-AFB9-32BDAA26AAA0}
		{BBB730A5-E006-4630-93B8-04F528440F8D} = {1FBF8A17-E763-44E0-BD0F-AC7836F7CE04}
		{2AC42687-BF38-462A-A456-3FE4FE7C287C} = {1FBF8A17-E763-44E0-BD0F-AC7836F7CE04}
		{343DE5BE-8373-4778-8111-99E76782DDBA} = {1FBF8A17-E763-44E0-BD0F-AC7836F7CE04}
		{D59781FB-12EF-48F6-9E14-75DDF53C076F} = {1FBF8A17-E763-44E0-BD0F-AC7836F7CE04}
		{578C188F-ACBE-41B1-8BCF-3FE3167BFCC5} = {1FBF8A17-E763-44E0-BD0F-AC7836F7CE04}
		{09041DCE-6382-4BCD-BC65-3B2E63FD695F} = {1FBF8A17-E763-44E0-BD0F-AC7836F7CE04}
		{7440E7B6-9312-4EE7-A313-1F908B61A38A} = {1FBF8A17-E763-44E0-BD0F-AC7836F7CE04}
		{52D982BF-4976-40F6-AF3A-B037C5A1CFBA} = {46A5331D-2A3F-41E1-AFB9-32BDAA26AAA0}
		{125178B0-3AFC-436F-8DC7-30CC79E6B40B} = {52D982BF-4976-40F6-AF3A-B037C5A1CFBA}
		{CEEF5AB2-5861-4C6E-A730-6A0FCCE33BB4} = {125178B0-3AFC-436F-8DC7-30CC79E6B40B}
		{05F2F0C4-1D15-47A7-A312-1A560FC42B04} = {125178B0-3AFC-436F-8DC7-30CC79E6B40B}
		{E7358C97-5342-49F9-91FB-6101829483B7} = {125178B0-3AFC-436F-8DC7-30CC79E6B40B}
		{9BAF99C7-D04A-4CD9-920B-B64E2325FEF4} = {125178B0-3AFC-436F-8DC7-30CC79E6B40B}
	EndGlobalSection
EndGlobal
